// !$*UTF8*$!
{
	archiveVersion = 1;
	classes = {
	};
	objectVersion = 55;
	objects = {

/* Begin PBXBuildFile section */
		EE2471BA27FBAC5900C8A158 /* AppDelegate.swift in Sources */ = {isa = PBXBuildFile; fileRef = EE2471B927FBAC5900C8A158 /* AppDelegate.swift */; };
		EE2471BC27FBAC5900C8A158 /* SceneDelegate.swift in Sources */ = {isa = PBXBuildFile; fileRef = EE2471BB27FBAC5900C8A158 /* SceneDelegate.swift */; };
		EE2471BE27FBAC5900C8A158 /* ViewController.swift in Sources */ = {isa = PBXBuildFile; fileRef = EE2471BD27FBAC5900C8A158 /* ViewController.swift */; };
		EE2471C127FBAC5900C8A158 /* Main.storyboard in Resources */ = {isa = PBXBuildFile; fileRef = EE2471BF27FBAC5900C8A158 /* Main.storyboard */; };
		EE2471C327FBAC5D00C8A158 /* Assets.xcassets in Resources */ = {isa = PBXBuildFile; fileRef = EE2471C227FBAC5D00C8A158 /* Assets.xcassets */; };
		EE2471C627FBAC5D00C8A158 /* LaunchScreen.storyboard in Resources */ = {isa = PBXBuildFile; fileRef = EE2471C427FBAC5D00C8A158 /* LaunchScreen.storyboard */; };
		EE2471D127FBAC5D00C8A158 /* uitextdelegateTests.swift in Sources */ = {isa = PBXBuildFile; fileRef = EE2471D027FBAC5D00C8A158 /* uitextdelegateTests.swift */; };
		EE2471DB27FBAC5D00C8A158 /* uitextdelegateUITests.swift in Sources */ = {isa = PBXBuildFile; fileRef = EE2471DA27FBAC5D00C8A158 /* uitextdelegateUITests.swift */; };
		EE2471DD27FBAC5D00C8A158 /* uitextdelegateUITestsLaunchTests.swift in Sources */ = {isa = PBXBuildFile; fileRef = EE2471DC27FBAC5D00C8A158 /* uitextdelegateUITestsLaunchTests.swift */; };
/* End PBXBuildFile section */

/* Begin PBXContainerItemProxy section */
		EE2471CD27FBAC5D00C8A158 /* PBXContainerItemProxy */ = {
			isa = PBXContainerItemProxy;
			containerPortal = EE2471AE27FBAC5900C8A158 /* Project object */;
			proxyType = 1;
			remoteGlobalIDString = EE2471B527FBAC5900C8A158;
			remoteInfo = uitextdelegate;
		};
		EE2471D727FBAC5D00C8A158 /* PBXContainerItemProxy */ = {
			isa = PBXContainerItemProxy;
			containerPortal = EE2471AE27FBAC5900C8A158 /* Project object */;
			proxyType = 1;
			remoteGlobalIDString = EE2471B527FBAC5900C8A158;
			remoteInfo = uitextdelegate;
		};
/* End PBXContainerItemProxy section */

/* Begin PBXFileReference section */
		EE2471B627FBAC5900C8A158 /* uitextdelegate.app */ = {isa = PBXFileReference; explicitFileType = wrapper.application; includeInIndex = 0; path = uitextdelegate.app; sourceTree = BUILT_PRODUCTS_DIR; };
		EE2471B927FBAC5900C8A158 /* AppDelegate.swift */ = {isa = PBXFileReference; lastKnownFileType = sourcecode.swift; path = AppDelegate.swift; sourceTree = "<group>"; };
		EE2471BB27FBAC5900C8A158 /* SceneDelegate.swift */ = {isa = PBXFileReference; lastKnownFileType = sourcecode.swift; path = SceneDelegate.swift; sourceTree = "<group>"; };
		EE2471BD27FBAC5900C8A158 /* ViewController.swift */ = {isa = PBXFileReference; lastKnownFileType = sourcecode.swift; path = ViewController.swift; sourceTree = "<group>"; };
		EE2471C027FBAC5900C8A158 /* Base */ = {isa = PBXFileReference; lastKnownFileType = file.storyboard; name = Base; path = Base.lproj/Main.storyboard; sourceTree = "<group>"; };
		EE2471C227FBAC5D00C8A158 /* Assets.xcassets */ = {isa = PBXFileReference; lastKnownFileType = folder.assetcatalog; path = Assets.xcassets; sourceTree = "<group>"; };
		EE2471C527FBAC5D00C8A158 /* Base */ = {isa = PBXFileReference; lastKnownFileType = file.storyboard; name = Base; path = Base.lproj/LaunchScreen.storyboard; sourceTree = "<group>"; };
		EE2471C727FBAC5D00C8A158 /* Info.plist */ = {isa = PBXFileReference; lastKnownFileType = text.plist.xml; path = Info.plist; sourceTree = "<group>"; };
		EE2471CC27FBAC5D00C8A158 /* uitextdelegateTests.xctest */ = {isa = PBXFileReference; explicitFileType = wrapper.cfbundle; includeInIndex = 0; path = uitextdelegateTests.xctest; sourceTree = BUILT_PRODUCTS_DIR; };
		EE2471D027FBAC5D00C8A158 /* uitextdelegateTests.swift */ = {isa = PBXFileReference; lastKnownFileType = sourcecode.swift; path = uitextdelegateTests.swift; sourceTree = "<group>"; };
		EE2471D627FBAC5D00C8A158 /* uitextdelegateUITests.xctest */ = {isa = PBXFileReference; explicitFileType = wrapper.cfbundle; includeInIndex = 0; path = uitextdelegateUITests.xctest; sourceTree = BUILT_PRODUCTS_DIR; };
		EE2471DA27FBAC5D00C8A158 /* uitextdelegateUITests.swift */ = {isa = PBXFileReference; lastKnownFileType = sourcecode.swift; path = uitextdelegateUITests.swift; sourceTree = "<group>"; };
		EE2471DC27FBAC5D00C8A158 /* uitextdelegateUITestsLaunchTests.swift */ = {isa = PBXFileReference; lastKnownFileType = sourcecode.swift; path = uitextdelegateUITestsLaunchTests.swift; sourceTree = "<group>"; };
/* End PBXFileReference section */

/* Begin PBXFrameworksBuildPhase section */
		EE2471B327FBAC5900C8A158 /* Frameworks */ = {
			isa = PBXFrameworksBuildPhase;
			buildActionMask = 2147483647;
			files = (
			);
			runOnlyForDeploymentPostprocessing = 0;
		};
		EE2471C927FBAC5D00C8A158 /* Frameworks */ = {
			isa = PBXFrameworksBuildPhase;
			buildActionMask = 2147483647;
			files = (
			);
			runOnlyForDeploymentPostprocessing = 0;
		};
		EE2471D327FBAC5D00C8A158 /* Frameworks */ = {
			isa = PBXFrameworksBuildPhase;
			buildActionMask = 2147483647;
			files = (
			);
			runOnlyForDeploymentPostprocessing = 0;
		};
/* End PBXFrameworksBuildPhase section */

/* Begin PBXGroup section */
		EE2471AD27FBAC5900C8A158 = {
			isa = PBXGroup;
			children = (
				EE2471B827FBAC5900C8A158 /* uitextdelegate */,
				EE2471CF27FBAC5D00C8A158 /* uitextdelegateTests */,
				EE2471D927FBAC5D00C8A158 /* uitextdelegateUITests */,
				EE2471B727FBAC5900C8A158 /* Products */,
			);
			sourceTree = "<group>";
		};
		EE2471B727FBAC5900C8A158 /* Products */ = {
			isa = PBXGroup;
			children = (
				EE2471B627FBAC5900C8A158 /* uitextdelegate.app */,
				EE2471CC27FBAC5D00C8A158 /* uitextdelegateTests.xctest */,
				EE2471D627FBAC5D00C8A158 /* uitextdelegateUITests.xctest */,
			);
			name = Products;
			sourceTree = "<group>";
		};
		EE2471B827FBAC5900C8A158 /* uitextdelegate */ = {
			isa = PBXGroup;
			children = (
				EE2471B927FBAC5900C8A158 /* AppDelegate.swift */,
				EE2471BB27FBAC5900C8A158 /* SceneDelegate.swift */,
				EE2471BD27FBAC5900C8A158 /* ViewController.swift */,
				EE2471BF27FBAC5900C8A158 /* Main.storyboard */,
				EE2471C227FBAC5D00C8A158 /* Assets.xcassets */,
				EE2471C427FBAC5D00C8A158 /* LaunchScreen.storyboard */,
				EE2471C727FBAC5D00C8A158 /* Info.plist */,
			);
			path = uitextdelegate;
			sourceTree = "<group>";
		};
		EE2471CF27FBAC5D00C8A158 /* uitextdelegateTests */ = {
			isa = PBXGroup;
			children = (
				EE2471D027FBAC5D00C8A158 /* uitextdelegateTests.swift */,
			);
			path = uitextdelegateTests;
			sourceTree = "<group>";
		};
		EE2471D927FBAC5D00C8A158 /* uitextdelegateUITests */ = {
			isa = PBXGroup;
			children = (
				EE2471DA27FBAC5D00C8A158 /* uitextdelegateUITests.swift */,
				EE2471DC27FBAC5D00C8A158 /* uitextdelegateUITestsLaunchTests.swift */,
			);
			path = uitextdelegateUITests;
			sourceTree = "<group>";
		};
/* End PBXGroup section */

/* Begin PBXNativeTarget section */
		EE2471B527FBAC5900C8A158 /* uitextdelegate */ = {
			isa = PBXNativeTarget;
			buildConfigurationList = EE2471E027FBAC5D00C8A158 /* Build configuration list for PBXNativeTarget "uitextdelegate" */;
			buildPhases = (
				EE2471B227FBAC5900C8A158 /* Sources */,
				EE2471B327FBAC5900C8A158 /* Frameworks */,
				EE2471B427FBAC5900C8A158 /* Resources */,
			);
			buildRules = (
			);
			dependencies = (
			);
			name = uitextdelegate;
			productName = uitextdelegate;
			productReference = EE2471B627FBAC5900C8A158 /* uitextdelegate.app */;
			productType = "com.apple.product-type.application";
		};
		EE2471CB27FBAC5D00C8A158 /* uitextdelegateTests */ = {
			isa = PBXNativeTarget;
			buildConfigurationList = EE2471E327FBAC5D00C8A158 /* Build configuration list for PBXNativeTarget "uitextdelegateTests" */;
			buildPhases = (
				EE2471C827FBAC5D00C8A158 /* Sources */,
				EE2471C927FBAC5D00C8A158 /* Frameworks */,
				EE2471CA27FBAC5D00C8A158 /* Resources */,
			);
			buildRules = (
			);
			dependencies = (
				EE2471CE27FBAC5D00C8A158 /* PBXTargetDependency */,
			);
			name = uitextdelegateTests;
			productName = uitextdelegateTests;
			productReference = EE2471CC27FBAC5D00C8A158 /* uitextdelegateTests.xctest */;
			productType = "com.apple.product-type.bundle.unit-test";
		};
		EE2471D527FBAC5D00C8A158 /* uitextdelegateUITests */ = {
			isa = PBXNativeTarget;
			buildConfigurationList = EE2471E627FBAC5D00C8A158 /* Build configuration list for PBXNativeTarget "uitextdelegateUITests" */;
			buildPhases = (
				EE2471D227FBAC5D00C8A158 /* Sources */,
				EE2471D327FBAC5D00C8A158 /* Frameworks */,
				EE2471D427FBAC5D00C8A158 /* Resources */,
			);
			buildRules = (
			);
			dependencies = (
				EE2471D827FBAC5D00C8A158 /* PBXTargetDependency */,
			);
			name = uitextdelegateUITests;
			productName = uitextdelegateUITests;
			productReference = EE2471D627FBAC5D00C8A158 /* uitextdelegateUITests.xctest */;
			productType = "com.apple.product-type.bundle.ui-testing";
		};
/* End PBXNativeTarget section */

/* Begin PBXProject section */
		EE2471AE27FBAC5900C8A158 /* Project object */ = {
			isa = PBXProject;
			attributes = {
				BuildIndependentTargetsInParallel = 1;
				LastSwiftUpdateCheck = 1320;
				LastUpgradeCheck = 1320;
				TargetAttributes = {
					EE2471B527FBAC5900C8A158 = {
						CreatedOnToolsVersion = 13.2.1;
					};
					EE2471CB27FBAC5D00C8A158 = {
						CreatedOnToolsVersion = 13.2.1;
						TestTargetID = EE2471B527FBAC5900C8A158;
					};
					EE2471D527FBAC5D00C8A158 = {
						CreatedOnToolsVersion = 13.2.1;
						TestTargetID = EE2471B527FBAC5900C8A158;
					};
				};
			};
			buildConfigurationList = EE2471B127FBAC5900C8A158 /* Build configuration list for PBXProject "uitextdelegate" */;
			compatibilityVersion = "Xcode 13.0";
			developmentRegion = en;
			hasScannedForEncodings = 0;
			knownRegions = (
				en,
				Base,
			);
			mainGroup = EE2471AD27FBAC5900C8A158;
			productRefGroup = EE2471B727FBAC5900C8A158 /* Products */;
			projectDirPath = "";
			projectRoot = "";
			targets = (
				EE2471B527FBAC5900C8A158 /* uitextdelegate */,
				EE2471CB27FBAC5D00C8A158 /* uitextdelegateTests */,
				EE2471D527FBAC5D00C8A158 /* uitextdelegateUITests */,
			);
		};
/* End PBXProject section */

/* Begin PBXResourcesBuildPhase section */
		EE2471B427FBAC5900C8A158 /* Resources */ = {
			isa = PBXResourcesBuildPhase;
			buildActionMask = 2147483647;
			files = (
				EE2471C627FBAC5D00C8A158 /* LaunchScreen.storyboard in Resources */,
				EE2471C327FBAC5D00C8A158 /* Assets.xcassets in Resources */,
				EE2471C127FBAC5900C8A158 /* Main.storyboard in Resources */,
			);
			runOnlyForDeploymentPostprocessing = 0;
		};
		EE2471CA27FBAC5D00C8A158 /* Resources */ = {
			isa = PBXResourcesBuildPhase;
			buildActionMask = 2147483647;
			files = (
			);
			runOnlyForDeploymentPostprocessing = 0;
		};
		EE2471D427FBAC5D00C8A158 /* Resources */ = {
			isa = PBXResourcesBuildPhase;
			buildActionMask = 2147483647;
			files = (
			);
			runOnlyForDeploymentPostprocessing = 0;
		};
/* End PBXResourcesBuildPhase section */

/* Begin PBXSourcesBuildPhase section */
		EE2471B227FBAC5900C8A158 /* Sources */ = {
			isa = PBXSourcesBuildPhase;
			buildActionMask = 2147483647;
			files = (
				EE2471BE27FBAC5900C8A158 /* ViewController.swift in Sources */,
				EE2471BA27FBAC5900C8A158 /* AppDelegate.swift in Sources */,
				EE2471BC27FBAC5900C8A158 /* SceneDelegate.swift in Sources */,
			);
			runOnlyForDeploymentPostprocessing = 0;
		};
		EE2471C827FBAC5D00C8A158 /* Sources */ = {
			isa = PBXSourcesBuildPhase;
			buildActionMask = 2147483647;
			files = (
				EE2471D127FBAC5D00C8A158 /* uitextdelegateTests.swift in Sources */,
			);
			runOnlyForDeploymentPostprocessing = 0;
		};
		EE2471D227FBAC5D00C8A158 /* Sources */ = {
			isa = PBXSourcesBuildPhase;
			buildActionMask = 2147483647;
			files = (
				EE2471DD27FBAC5D00C8A158 /* uitextdelegateUITestsLaunchTests.swift in Sources */,
				EE2471DB27FBAC5D00C8A158 /* uitextdelegateUITests.swift in Sources */,
			);
			runOnlyForDeploymentPostprocessing = 0;
		};
/* End PBXSourcesBuildPhase section */

/* Begin PBXTargetDependency section */
		EE2471CE27FBAC5D00C8A158 /* PBXTargetDependency */ = {
			isa = PBXTargetDependency;
			target = EE2471B527FBAC5900C8A158 /* uitextdelegate */;
			targetProxy = EE2471CD27FBAC5D00C8A158 /* PBXContainerItemProxy */;
		};
		EE2471D827FBAC5D00C8A158 /* PBXTargetDependency */ = {
			isa = PBXTargetDependency;
			target = EE2471B527FBAC5900C8A158 /* uitextdelegate */;
			targetProxy = EE2471D727FBAC5D00C8A158 /* PBXContainerItemProxy */;
		};
/* End PBXTargetDependency section */

/* Begin PBXVariantGroup section */
		EE2471BF27FBAC5900C8A158 /* Main.storyboard */ = {
			isa = PBXVariantGroup;
			children = (
				EE2471C027FBAC5900C8A158 /* Base */,
			);
			name = Main.storyboard;
			sourceTree = "<group>";
		};
		EE2471C427FBAC5D00C8A158 /* LaunchScreen.storyboard */ = {
			isa = PBXVariantGroup;
			children = (
				EE2471C527FBAC5D00C8A158 /* Base */,
			);
			name = LaunchScreen.storyboard;
			sourceTree = "<group>";
		};
/* End PBXVariantGroup section */

/* Begin XCBuildConfiguration section */
		EE2471DE27FBAC5D00C8A158 /* Debug */ = {
			isa = XCBuildConfiguration;
			buildSettings = {
				ALWAYS_SEARCH_USER_PATHS = NO;
				CLANG_ANALYZER_NONNULL = YES;
				CLANG_ANALYZER_NUMBER_OBJECT_CONVERSION = YES_AGGRESSIVE;
				CLANG_CXX_LANGUAGE_STANDARD = "gnu++17";
				CLANG_CXX_LIBRARY = "libc++";
				CLANG_ENABLE_MODULES = YES;
				CLANG_ENABLE_OBJC_ARC = YES;
				CLANG_ENABLE_OBJC_WEAK = YES;
				CLANG_WARN_BLOCK_CAPTURE_AUTORELEASING = YES;
				CLANG_WARN_BOOL_CONVERSION = YES;
				CLANG_WARN_COMMA = YES;
				CLANG_WARN_CONSTANT_CONVERSION = YES;
				CLANG_WARN_DEPRECATED_OBJC_IMPLEMENTATIONS = YES;
				CLANG_WARN_DIRECT_OBJC_ISA_USAGE = YES_ERROR;
				CLANG_WARN_DOCUMENTATION_COMMENTS = YES;
				CLANG_WARN_EMPTY_BODY = YES;
				CLANG_WARN_ENUM_CONVERSION = YES;
				CLANG_WARN_INFINITE_RECURSION = YES;
				CLANG_WARN_INT_CONVERSION = YES;
				CLANG_WARN_NON_LITERAL_NULL_CONVERSION = YES;
				CLANG_WARN_OBJC_IMPLICIT_RETAIN_SELF = YES;
				CLANG_WARN_OBJC_LITERAL_CONVERSION = YES;
				CLANG_WARN_OBJC_ROOT_CLASS = YES_ERROR;
				CLANG_WARN_QUOTED_INCLUDE_IN_FRAMEWORK_HEADER = YES;
				CLANG_WARN_RANGE_LOOP_ANALYSIS = YES;
				CLANG_WARN_STRICT_PROTOTYPES = YES;
				CLANG_WARN_SUSPICIOUS_MOVE = YES;
				CLANG_WARN_UNGUARDED_AVAILABILITY = YES_AGGRESSIVE;
				CLANG_WARN_UNREACHABLE_CODE = YES;
				CLANG_WARN__DUPLICATE_METHOD_MATCH = YES;
				COPY_PHASE_STRIP = NO;
				DEBUG_INFORMATION_FORMAT = dwarf;
				ENABLE_STRICT_OBJC_MSGSEND = YES;
				ENABLE_TESTABILITY = YES;
				GCC_C_LANGUAGE_STANDARD = gnu11;
				GCC_DYNAMIC_NO_PIC = NO;
				GCC_NO_COMMON_BLOCKS = YES;
				GCC_OPTIMIZATION_LEVEL = 0;
				GCC_PREPROCESSOR_DEFINITIONS = (
					"DEBUG=1",
					"$(inherited)",
				);
				GCC_WARN_64_TO_32_BIT_CONVERSION = YES;
				GCC_WARN_ABOUT_RETURN_TYPE = YES_ERROR;
				GCC_WARN_UNDECLARED_SELECTOR = YES;
				GCC_WARN_UNINITIALIZED_AUTOS = YES_AGGRESSIVE;
				GCC_WARN_UNUSED_FUNCTION = YES;
				GCC_WARN_UNUSED_VARIABLE = YES;
				IPHONEOS_DEPLOYMENT_TARGET = 15.2;
				MTL_ENABLE_DEBUG_INFO = INCLUDE_SOURCE;
				MTL_FAST_MATH = YES;
				ONLY_ACTIVE_ARCH = YES;
				SDKROOT = iphoneos;
				SWIFT_ACTIVE_COMPILATION_CONDITIONS = DEBUG;
				SWIFT_OPTIMIZATION_LEVEL = "-Onone";
			};
			name = Debug;
		};
		EE2471DF27FBAC5D00C8A158 /* Release */ = {
			isa = XCBuildConfiguration;
			buildSettings = {
				ALWAYS_SEARCH_USER_PATHS = NO;
				CLANG_ANALYZER_NONNULL = YES;
				CLANG_ANALYZER_NUMBER_OBJECT_CONVERSION = YES_AGGRESSIVE;
				CLANG_CXX_LANGUAGE_STANDARD = "gnu++17";
				CLANG_CXX_LIBRARY = "libc++";
				CLANG_ENABLE_MODULES = YES;
				CLANG_ENABLE_OBJC_ARC = YES;
				CLANG_ENABLE_OBJC_WEAK = YES;
				CLANG_WARN_BLOCK_CAPTURE_AUTORELEASING = YES;
				CLANG_WARN_BOOL_CONVERSION = YES;
				CLANG_WARN_COMMA = YES;
				CLANG_WARN_CONSTANT_CONVERSION = YES;
				CLANG_WARN_DEPRECATED_OBJC_IMPLEMENTATIONS = YES;
				CLANG_WARN_DIRECT_OBJC_ISA_USAGE = YES_ERROR;
				CLANG_WARN_DOCUMENTATION_COMMENTS = YES;
				CLANG_WARN_EMPTY_BODY = YES;
				CLANG_WARN_ENUM_CONVERSION = YES;
				CLANG_WARN_INFINITE_RECURSION = YES;
				CLANG_WARN_INT_CONVERSION = YES;
				CLANG_WARN_NON_LITERAL_NULL_CONVERSION = YES;
				CLANG_WARN_OBJC_IMPLICIT_RETAIN_SELF = YES;
				CLANG_WARN_OBJC_LITERAL_CONVERSION = YES;
				CLANG_WARN_OBJC_ROOT_CLASS = YES_ERROR;
				CLANG_WARN_QUOTED_INCLUDE_IN_FRAMEWORK_HEADER = YES;
				CLANG_WARN_RANGE_LOOP_ANALYSIS = YES;
				CLANG_WARN_STRICT_PROTOTYPES = YES;
				CLANG_WARN_SUSPICIOUS_MOVE = YES;
				CLANG_WARN_UNGUARDED_AVAILABILITY = YES_AGGRESSIVE;
				CLANG_WARN_UNREACHABLE_CODE = YES;
				CLANG_WARN__DUPLICATE_METHOD_MATCH = YES;
				COPY_PHASE_STRIP = NO;
				DEBUG_INFORMATION_FORMAT = "dwarf-with-dsym";
				ENABLE_NS_ASSERTIONS = NO;
				ENABLE_STRICT_OBJC_MSGSEND = YES;
				GCC_C_LANGUAGE_STANDARD = gnu11;
				GCC_NO_COMMON_BLOCKS = YES;
				GCC_WARN_64_TO_32_BIT_CONVERSION = YES;
				GCC_WARN_ABOUT_RETURN_TYPE = YES_ERROR;
				GCC_WARN_UNDECLARED_SELECTOR = YES;
				GCC_WARN_UNINITIALIZED_AUTOS = YES_AGGRESSIVE;
				GCC_WARN_UNUSED_FUNCTION = YES;
				GCC_WARN_UNUSED_VARIABLE = YES;
				IPHONEOS_DEPLOYMENT_TARGET = 15.2;
				MTL_ENABLE_DEBUG_INFO = NO;
				MTL_FAST_MATH = YES;
				SDKROOT = iphoneos;
				SWIFT_COMPILATION_MODE = wholemodule;
				SWIFT_OPTIMIZATION_LEVEL = "-O";
				VALIDATE_PRODUCT = YES;
			};
			name = Release;
		};
		EE2471E127FBAC5D00C8A158 /* Debug */ = {
			isa = XCBuildConfiguration;
			buildSettings = {
				ASSETCATALOG_COMPILER_APPICON_NAME = AppIcon;
				ASSETCATALOG_COMPILER_GLOBAL_ACCENT_COLOR_NAME = AccentColor;
				CODE_SIGN_STYLE = Automatic;
				CURRENT_PROJECT_VERSION = 1;
				DEVELOPMENT_TEAM = N34W3XSZ62;
				GENERATE_INFOPLIST_FILE = YES;
				INFOPLIST_FILE = uitextdelegate/Info.plist;
				INFOPLIST_KEY_UIApplicationSupportsIndirectInputEvents = YES;
				INFOPLIST_KEY_UILaunchStoryboardName = LaunchScreen;
				INFOPLIST_KEY_UIMainStoryboardFile = Main;
				INFOPLIST_KEY_UISupportedInterfaceOrientations_iPad = "UIInterfaceOrientationPortrait UIInterfaceOrientationPortraitUpsideDown UIInterfaceOrientationLandscapeLeft UIInterfaceOrientationLandscapeRight";
				INFOPLIST_KEY_UISupportedInterfaceOrientations_iPhone = "UIInterfaceOrientationPortrait UIInterfaceOrientationLandscapeLeft UIInterfaceOrientationLandscapeRight";
				LD_RUNPATH_SEARCH_PATHS = (
					"$(inherited)",
					"@executable_path/Frameworks",
				);
				MARKETING_VERSION = 1.0;
				PRODUCT_BUNDLE_IDENTIFIER = teste.uitextdelegate;
				PRODUCT_NAME = "$(TARGET_NAME)";
				SWIFT_EMIT_LOC_STRINGS = YES;
				SWIFT_VERSION = 5.0;
				TARGETED_DEVICE_FAMILY = "1,2";
			};
			name = Debug;
		};
		EE2471E227FBAC5D00C8A158 /* Release */ = {
			isa = XCBuildConfiguration;
			buildSettings = {
				ASSETCATALOG_COMPILER_APPICON_NAME = AppIcon;
				ASSETCATALOG_COMPILER_GLOBAL_ACCENT_COLOR_NAME = AccentColor;
				CODE_SIGN_STYLE = Automatic;
				CURRENT_PROJECT_VERSION = 1;
				DEVELOPMENT_TEAM = N34W3XSZ62;
				GENERATE_INFOPLIST_FILE = YES;
				INFOPLIST_FILE = uitextdelegate/Info.plist;
				INFOPLIST_KEY_UIApplicationSupportsIndirectInputEvents = YES;
				INFOPLIST_KEY_UILaunchStoryboardName = LaunchScreen;
				INFOPLIST_KEY_UIMainStoryboardFile = Main;
				INFOPLIST_KEY_UISupportedInterfaceOrientations_iPad = "UIInterfaceOrientationPortrait UIInterfaceOrientationPortraitUpsideDown UIInterfaceOrientationLandscapeLeft UIInterfaceOrientationLandscapeRight";
				INFOPLIST_KEY_UISupportedInterfaceOrientations_iPhone = "UIInterfaceOrientationPortrait UIInterfaceOrientationLandscapeLeft UIInterfaceOrientationLandscapeRight";
				LD_RUNPATH_SEARCH_PATHS = (
					"$(inherited)",
					"@executable_path/Frameworks",
				);
				MARKETING_VERSION = 1.0;
				PRODUCT_BUNDLE_IDENTIFIER = teste.uitextdelegate;
				PRODUCT_NAME = "$(TARGET_NAME)";
				SWIFT_EMIT_LOC_STRINGS = YES;
				SWIFT_VERSION = 5.0;
				TARGETED_DEVICE_FAMILY = "1,2";
			};
			name = Release;
		};
		EE2471E427FBAC5D00C8A158 /* Debug */ = {
			isa = XCBuildConfiguration;
			buildSettings = {
				ALWAYS_EMBED_SWIFT_STANDARD_LIBRARIES = YES;
				BUNDLE_LOADER = "$(TEST_HOST)";
				CODE_SIGN_STYLE = Automatic;
				CURRENT_PROJECT_VERSION = 1;
				DEVELOPMENT_TEAM = N34W3XSZ62;
				GENERATE_INFOPLIST_FILE = YES;
				IPHONEOS_DEPLOYMENT_TARGET = 15.2;
				MARKETING_VERSION = 1.0;
				PRODUCT_BUNDLE_IDENTIFIER = teste.uitextdelegateTests;
				PRODUCT_NAME = "$(TARGET_NAME)";
				SWIFT_EMIT_LOC_STRINGS = NO;
				SWIFT_VERSION = 5.0;
				TARGETED_DEVICE_FAMILY = "1,2";
				TEST_HOST = "$(BUILT_PRODUCTS_DIR)/uitextdelegate.app/uitextdelegate";
			};
			name = Debug;
		};
		EE2471E527FBAC5D00C8A158 /* Release */ = {
			isa = XCBuildConfiguration;
			buildSettings = {
				ALWAYS_EMBED_SWIFT_STANDARD_LIBRARIES = YES;
				BUNDLE_LOADER = "$(TEST_HOST)";
				CODE_SIGN_STYLE = Automatic;
				CURRENT_PROJECT_VERSION = 1;
				DEVELOPMENT_TEAM = N34W3XSZ62;
				GENERATE_INFOPLIST_FILE = YES;
				IPHONEOS_DEPLOYMENT_TARGET = 15.2;
				MARKETING_VERSION = 1.0;
				PRODUCT_BUNDLE_IDENTIFIER = teste.uitextdelegateTests;
				PRODUCT_NAME = "$(TARGET_NAME)";
				SWIFT_EMIT_LOC_STRINGS = NO;
				SWIFT_VERSION = 5.0;
				TARGETED_DEVICE_FAMILY = "1,2";
				TEST_HOST = "$(BUILT_PRODUCTS_DIR)/uitextdelegate.app/uitextdelegate";
			};
			name = Release;
		};
		EE2471E727FBAC5D00C8A158 /* Debug */ = {
			isa = XCBuildConfiguration;
			buildSettings = {
				ALWAYS_EMBED_SWIFT_STANDARD_LIBRARIES = YES;
				CODE_SIGN_STYLE = Automatic;
				CURRENT_PROJECT_VERSION = 1;
				DEVELOPMENT_TEAM = N34W3XSZ62;
				GENERATE_INFOPLIST_FILE = YES;
				MARKETING_VERSION = 1.0;
				PRODUCT_BUNDLE_IDENTIFIER = teste.uitextdelegateUITests;
				PRODUCT_NAME = "$(TARGET_NAME)";
				SWIFT_EMIT_LOC_STRINGS = NO;
				SWIFT_VERSION = 5.0;
				TARGETED_DEVICE_FAMILY = "1,2";
				TEST_TARGET_NAME = uitextdelegate;
			};
			name = Debug;
		};
		EE2471E827FBAC5D00C8A158 /* Release */ = {
			isa = XCBuildConfiguration;
			buildSettings = {
				ALWAYS_EMBED_SWIFT_STANDARD_LIBRARIES = YES;
				CODE_SIGN_STYLE = Automatic;
				CURRENT_PROJECT_VERSION = 1;
				DEVELOPMENT_TEAM = N34W3XSZ62;
				GENERATE_INFOPLIST_FILE = YES;
				MARKETING_VERSION = 1.0;
				PRODUCT_BUNDLE_IDENTIFIER = teste.uitextdelegateUITests;
				PRODUCT_NAME = "$(TARGET_NAME)";
				SWIFT_EMIT_LOC_STRINGS = NO;
				SWIFT_VERSION = 5.0;
				TARGETED_DEVICE_FAMILY = "1,2";
				TEST_TARGET_NAME = uitextdelegate;
			};
			name = Release;
		};
/* End XCBuildConfiguration section */

/* Begin XCConfigurationList section */
		EE2471B127FBAC5900C8A158 /* Build configuration list for PBXProject "uitextdelegate" */ = {
			isa = XCConfigurationList;
			buildConfigurations = (
				EE2471DE27FBAC5D00C8A158 /* Debug */,
				EE2471DF27FBAC5D00C8A158 /* Release */,
			);
			defaultConfigurationIsVisible = 0;
			defaultConfigurationName = Release;
		};
		EE2471E027FBAC5D00C8A158 /* Build configuration list for PBXNativeTarget "uitextdelegate" */ = {
			isa = XCConfigurationList;
			buildConfigurations = (
				EE2471E127FBAC5D00C8A158 /* Debug */,
				EE2471E227FBAC5D00C8A158 /* Release */,
			);
			defaultConfigurationIsVisible = 0;
			defaultConfigurationName = Release;
		};
		EE2471E327FBAC5D00C8A158 /* Build configuration list for PBXNativeTarget "uitextdelegateTests" */ = {
			isa = XCConfigurationList;
			buildConfigurations = (
				EE2471E427FBAC5D00C8A158 /* Debug */,
				EE2471E527FBAC5D00C8A158 /* Release */,
			);
			defaultConfigurationIsVisible = 0;
			defaultConfigurationName = Release;
		};
		EE2471E627FBAC5D00C8A158 /* Build configuration list for PBXNativeTarget "uitextdelegateUITests" */ = {
			isa = XCConfigurationList;
			buildConfigurations = (
				EE2471E727FBAC5D00C8A158 /* Debug */,
				EE2471E827FBAC5D00C8A158 /* Release */,
			);
			defaultConfigurationIsVisible = 0;
			defaultConfigurationName = Release;
		};
/* End XCConfigurationList section */
	};
	rootObject = EE2471AE27FBAC5900C8A158 /* Project object */;
}
